
Microsoft Visual Studio Solution File, Format Version 12.00
# Visual Studio Version 17
VisualStudioVersion = 17.5.002.0
MinimumVisualStudioVersion = 10.0.40219.1
Project("{9A19103F-16F7-4668-BE54-9A1E7A4F7556}") = "dz_5_lesson", "dz_5_lesson\dz_5_lesson.csproj", "{BB33B531-42AA-48E3-AAED-9113B7B57806}"
EndProject
Global
	GlobalSection(SolutionConfigurationPlatforms) = preSolution
		Debug|Any CPU = Debug|Any CPU
		Release|Any CPU = Release|Any CPU
	EndGlobalSection
	GlobalSection(ProjectConfigurationPlatforms) = postSolution
		{BB33B531-42AA-48E3-AAED-9113B7B57806}.Debug|Any CPU.ActiveCfg = Debug|Any CPU
		{BB33B531-42AA-48E3-AAED-9113B7B57806}.Debug|Any CPU.Build.0 = Debug|Any CPU
		{BB33B531-42AA-48E3-AAED-9113B7B57806}.Release|Any CPU.ActiveCfg = Release|Any CPU
		{BB33B531-42AA-48E3-AAED-9113B7B57806}.Release|Any CPU.Build.0 = Release|Any CPU
	EndGlobalSection
	GlobalSection(SolutionProperties) = preSolution
		HideSolutionNode = FALSE
	EndGlobalSection
	GlobalSection(ExtensibilityGlobals) = postSolution
		SolutionGuid = {C79048F7-BCD1-4B7F-B88A-BD07E73390D2}
	EndGlobalSection
EndGlobal
